name: Update Flake Lock

on:
  schedule:
    # Run on the 1st of every month at 00:00 UTC
    - cron: '0 0 1 * *'
  workflow_dispatch: # Allow manual triggering

jobs:
  update-flake-lock:
    runs-on: ubuntu-latest
    steps:
      - name: Checkout repository
        uses: actions/checkout@v4

      - name: Install Nix
        uses: DeterminateSystems/nix-installer-action@main

      - name: Update flake.lock
        uses: DeterminateSystems/update-flake-lock@main
        with:
          pr-title: "chore: update flake.lock"
          pr-labels: |
            dependencies
            automated
          token: ${{ secrets.GH_TOKEN_FOR_UPDATES }}
